lockfileVersion: '6.0'

settings:
  autoInstallPeers: true
  excludeLinksFromLockfile: false

dependencies:
  '@fxts/core':
    specifier: ^0.24.0
    version: 0.24.0

devDependencies:
  '@swc/core':
    specifier: ^1.4.2
    version: 1.4.4
  '@taskr/clear':
    specifier: ^1.1.0
    version: 1.1.0
  '@taskr/esnext':
    specifier: ^1.1.0
    version: 1.1.0
  '@types/watchpack':
    specifier: ^2.4.4
    version: 2.4.4
  taskr:
    specifier: ^1.1.0
    version: 1.1.0
  typescript:
    specifier: ^5.3.3
    version: 5.3.3
  watchpack:
    specifier: ^2.4.0
    version: 2.4.0

packages:

  /@fxts/core@0.24.0:
    resolution: {integrity: sha512-2zZx7stySm5blbvIxSteIMtouHB/DcqCWVyOEWEcRLcbyWtOxwco5FD299J4Uqt1Gvq5wHdSbdOMd0s8qi1xyA==}
    dependencies:
      tslib: 2.6.2
    dev: false

  /@swc/core-darwin-arm64@1.4.4:
    resolution: {integrity: sha512-goSHS8yvDgha93RHIV2Vn50neYasqbc4K1g/nKOV6T8kiKVv4w/rmqNJu9Aa0mPGVJtjcr0NvX6bBwE0T4HIzg==}
    engines: {node: '>=10'}
    cpu: [arm64]
    os: [darwin]
    requiresBuild: true
    dev: true
    optional: true

  /@swc/core-darwin-x64@1.4.4:
    resolution: {integrity: sha512-PLfgL355qsl5c5kUPsFGITgVXoaqjp9sCd0Y5Z5uN7RtSOvwIX28e23eCxj02dOr7OBr8sq6qBlEMDV03T24Iw==}
    engines: {node: '>=10'}
    cpu: [x64]
    os: [darwin]
    requiresBuild: true
    dev: true
    optional: true

  /@swc/core-linux-arm-gnueabihf@1.4.4:
    resolution: {integrity: sha512-BVEZVOGnaZvEcHm//KyYzhte46vdF67wLVtmQEXPAlrkRgZ3b/JSySeLXqeocAcOANWb1/SPHlEmPK5azP+JvQ==}
    engines: {node: '>=10'}
    cpu: [arm]
    os: [linux]
    requiresBuild: true
    dev: true
    optional: true

  /@swc/core-linux-arm64-gnu@1.4.4:
    resolution: {integrity: sha512-ZbOJfVbCjVMKdfvvJDOTpa3tGqU6tfxng1CDjA62RUcqa7sRbovrjSiw6mq5/4EoOF4zK8CtPIG+TlxKPapnuw==}
    engines: {node: '>=10'}
    cpu: [arm64]
    os: [linux]
    requiresBuild: true
    dev: true
    optional: true

  /@swc/core-linux-arm64-musl@1.4.4:
    resolution: {integrity: sha512-+Gjo1W4tY/4kgEe5h22iuCWkpKcPMccXwYaSLNvgBCBQADB0zKFfF0lNf7y6U+81NFEjhRsdwXMsRGZtgTpUrg==}
    engines: {node: '>=10'}
    cpu: [arm64]
    os: [linux]
    requiresBuild: true
    dev: true
    optional: true

  /@swc/core-linux-x64-gnu@1.4.4:
    resolution: {integrity: sha512-PR/VbGm0LEkhpm5qClovZWhE/jYoQSyIeyPh8XY39uUI1u2yEfuz5UCW2sJJIWOvNiAfu7+TjW+9H/I7zBBDJA==}
    engines: {node: '>=10'}
    cpu: [x64]
    os: [linux]
    requiresBuild: true
    dev: true
    optional: true

  /@swc/core-linux-x64-musl@1.4.4:
    resolution: {integrity: sha512-poT9zub4CyVcH1cxwGdrGiZD3urfOaYs/Kd52ve3ymPPeQZq7qQwKqAB/9NxoSiJDaSzJv5OwTEfgaBYCyw0iw==}
    engines: {node: '>=10'}
    cpu: [x64]
    os: [linux]
    requiresBuild: true
    dev: true
    optional: true

  /@swc/core-win32-arm64-msvc@1.4.4:
    resolution: {integrity: sha512-29V5/fBd6XXFb7J/ri9ZeSS/GTqXfSWa3BiE0zTNbASpQbEXf+YPYiAtO6c1HqNyQobKB9ni+w7sa8KkAGhHXw==}
    engines: {node: '>=10'}
    cpu: [arm64]
    os: [win32]
    requiresBuild: true
    dev: true
    optional: true

  /@swc/core-win32-ia32-msvc@1.4.4:
    resolution: {integrity: sha512-2lKEGEjpBOq0z4Nk0tFP9wxVwxgz7FonmjCkzJ95GBb5KNvMrgQQrGNGX6L0hoBo/a1kE752I6V5pOaMyIq5xQ==}
    engines: {node: '>=10'}
    cpu: [ia32]
    os: [win32]
    requiresBuild: true
    dev: true
    optional: true

  /@swc/core-win32-x64-msvc@1.4.4:
    resolution: {integrity: sha512-xuN0oJhAewga8jNJkT5Wx25RPVnIEMZCYf4irqA5jiK6GckOdcXB8jvEJhggOxnJSW8RDsAtY5q+zw5kNkU+eA==}
    engines: {node: '>=10'}
    cpu: [x64]
    os: [win32]
    requiresBuild: true
    dev: true
    optional: true

  /@swc/core@1.4.4:
    resolution: {integrity: sha512-P88AHGWM8xPY3Tjj5360V6vqKCS5UfsyffPJVnr7BKSr45rlG4/pjEGGmFYQjg6ztgPyrGLYz1jSyzajTqTVIA==}
    engines: {node: '>=10'}
    requiresBuild: true
    peerDependencies:
      '@swc/helpers': ^0.5.0
    peerDependenciesMeta:
      '@swc/helpers':
        optional: true
    dependencies:
      '@swc/counter': 0.1.3
      '@swc/types': 0.1.5
    optionalDependencies:
      '@swc/core-darwin-arm64': 1.4.4
      '@swc/core-darwin-x64': 1.4.4
      '@swc/core-linux-arm-gnueabihf': 1.4.4
      '@swc/core-linux-arm64-gnu': 1.4.4
      '@swc/core-linux-arm64-musl': 1.4.4
      '@swc/core-linux-x64-gnu': 1.4.4
      '@swc/core-linux-x64-musl': 1.4.4
      '@swc/core-win32-arm64-msvc': 1.4.4
      '@swc/core-win32-ia32-msvc': 1.4.4
      '@swc/core-win32-x64-msvc': 1.4.4
    dev: true

  /@swc/counter@0.1.3:
    resolution: {integrity: sha512-e2BR4lsJkkRlKZ/qCHPw9ZaSxc0MVUd7gtbtaB7aMvHeJVYe8sOB8DBZkP2DtISHGSku9sCK6T6cnY0CtXrOCQ==}
    dev: true

  /@swc/types@0.1.5:
    resolution: {integrity: sha512-myfUej5naTBWnqOCc/MdVOLVjXUXtIA+NpDrDBKJtLLg2shUjBu3cZmB/85RyitKc55+lUUyl7oRfLOvkr2hsw==}
    dev: true

  /@taskr/clear@1.1.0:
    resolution: {integrity: sha512-QC/zyNneQ5N2kyL4ZmiaMqXxXW7VqwqJssbbdezUs0113Y711I44tXQGKWJnxPVFOe3oGrFGNnkRESPKWq8AYw==}
    engines: {node: '>=4.6'}
    dependencies:
      bluebird: 3.7.2
      rimraf: 2.7.1
    dev: true

  /@taskr/esnext@1.1.0:
    resolution: {integrity: sha512-lO9JrkSt2uR/jMZHxHyEZC+K/TvusALewWbgNN3aQaVmPEOevYGNaBlmX7kK2XDNgpL1cWlC1NSVS7PHqMu8Ng==}
    dependencies:
      require-like: 0.1.2
      rewrite-imports: 1.4.0
    dev: true

  /@types/graceful-fs@4.1.9:
    resolution: {integrity: sha512-olP3sd1qOEe5dXTSaFvQG+02VdRXcdytWLAZsAq1PecU8uqQAhkrnbli7DagjtXKW/Bl7YJbUsa8MPcuc8LHEQ==}
    dependencies:
      '@types/node': 20.11.24
    dev: true

  /@types/node@20.11.24:
    resolution: {integrity: sha512-Kza43ewS3xoLgCEpQrsT+xRo/EJej1y0kVYGiLFE1NEODXGzTfwiC6tXTLMQskn1X4/Rjlh0MQUvx9W+L9long==}
    dependencies:
      undici-types: 5.26.5
    dev: true

  /@types/watchpack@2.4.4:
    resolution: {integrity: sha512-SbuSavsPxfOPZwVHBgQUVuzYBe6+8KL7dwiJLXaj5rmv3DxktOMwX5WP1J6UontwUbewjVoc7pCgZvqy6rPn+A==}
    dependencies:
      '@types/graceful-fs': 4.1.9
      '@types/node': 20.11.24
    dev: true

  /balanced-match@1.0.2:
    resolution: {integrity: sha512-3oSeUO0TMV67hN1AmbXsK4yaqU7tjiHlbxRDZOpH0KW9+CeX4bRAaX0Anxt0tx2MrpRpWwQaPwIlISEJhYU5Pw==}
    dev: true

  /bluebird@3.7.2:
    resolution: {integrity: sha512-XpNj6GDQzdfW+r2Wnn7xiSAd7TM3jzkxGXBGTtWKuSXv1xUV+azxAm8jdWZN06QTQk+2N2XB9jRDkvbmQmcRtg==}
    dev: true

  /brace-expansion@1.1.11:
    resolution: {integrity: sha512-iCuPHDFgrHX7H2vEI/5xpz07zSHB00TpugqhmYtVmMO6518mCuRMoOYFldEBl0g187ufozdaHgWKcYFb61qGiA==}
    dependencies:
      balanced-match: 1.0.2
      concat-map: 0.0.1
    dev: true

  /clor@5.2.0:
    resolution: {integrity: sha512-Z+jjxoF4lNUJQtsdz7d9HLz7yP49hnt4CH76AB7DLusHws14gOlVMl/ShtkMPfoFculqejaiQW5EG2Gt5/cCdg==}
    deprecated: 'Clor is now Clorox. Please upgrade: ''npm i clorox''.'
    dev: true

  /concat-map@0.0.1:
    resolution: {integrity: sha512-/Srv4dswyQNBfohGpz9o6Yb3Gz3SrUDqBH5rTuhGR7ahtlbYKnVxw2bCFMRljaA7EXHaXZ8wsHdodFvbkhKmqg==}
    dev: true

  /fs.realpath@1.0.0:
    resolution: {integrity: sha512-OO0pH2lK6a0hZnAdau5ItzHPI6pUlvI7jMVnxUQRtw4owF2wk8lOSabtGDCTP4Ggrg2MbGnWO9X8K1t4+fGMDw==}
    dev: true

  /glob-to-regexp@0.4.1:
    resolution: {integrity: sha512-lkX1HJXwyMcprw/5YUZc2s7DrpAiHB21/V+E1rHUrVNokkvB6bqMzT0VfV6/86ZNabt1k14YOIaT7nDvOX3Iiw==}
    dev: true

  /glob@7.2.3:
    resolution: {integrity: sha512-nFR0zLpU2YCaRxwoCJvL6UvCH2JFyFVIvwTLsIf21AuHlMskA1hhTdk+LlYJtOlYt9v6dvszD2BGRqBL+iQK9Q==}
    dependencies:
      fs.realpath: 1.0.0
      inflight: 1.0.6
      inherits: 2.0.4
      minimatch: 3.1.2
      once: 1.4.0
      path-is-absolute: 1.0.1
    dev: true

  /graceful-fs@4.2.11:
    resolution: {integrity: sha512-RbJ5/jmFcNNCcDV5o9eTnBLJ/HszWV0P73bc+Ff4nS/rJj+YaS6IGyiOL0VoBYX+l1Wrl3k63h/KrH+nhJ0XvQ==}
    dev: true

  /inflight@1.0.6:
    resolution: {integrity: sha512-k92I/b08q4wvFscXCLvqfsHCrjrF7yiXsQuIVvVE7N82W3+aqpzuUdBbfhWcy/FZR3/4IgflMgKLOsvPDrGCJA==}
    dependencies:
      once: 1.4.0
      wrappy: 1.0.2
    dev: true

  /inherits@2.0.4:
    resolution: {integrity: sha512-k/vGaX4/Yla3WzyMCvTQOXYeIHvqOKtnqBduzTHpzpQZzAskKMhZ2K+EnBiSM9zGSoIFeMpXKxa4dYeZIQqewQ==}
    dev: true

  /minimatch@3.1.2:
    resolution: {integrity: sha512-J7p63hRiAjw1NDEww1W7i37+ByIrOWO5XQQAzZ3VOcL0PNybwpfmV/N05zFAzwQ9USyEcX6t3UO+K5aqBQOIHw==}
    dependencies:
      brace-expansion: 1.1.11
    dev: true

  /mk-dirs@1.0.0:
    resolution: {integrity: sha512-VUhC7/wotZwooobTlBl5+ZAgHoLCdckDqGz9HqdiXeYIXeATKWiiuas4HIjzOs3/qIstv+3e0u/lYYbXACIbOQ==}
    engines: {node: '>=4'}
    dev: true

  /mri@1.2.0:
    resolution: {integrity: sha512-tzzskb3bG8LvYGFF/mDTpq3jpI6Q9wc3LEmBaghu+DdCssd1FakN7Bc0hVNmEyGq1bq3RgfkCb3cmQLpNPOroA==}
    engines: {node: '>=4'}
    dev: true

  /once@1.4.0:
    resolution: {integrity: sha512-lNaJgI+2Q5URQBkccEKHTQOPaXdUxnZZElQTZY0MFUAuaEqe1E+Nyvgdz/aIyNi6Z9MzO5dv1H8n58/GELp3+w==}
    dependencies:
      wrappy: 1.0.2
    dev: true

  /path-is-absolute@1.0.1:
    resolution: {integrity: sha512-AVbw3UJ2e9bq64vSaS9Am0fje1Pa8pbGqTTsmXfaIiMpnr5DlDhfJOuLj9Sf95ZPVDAUerDfEk88MPmPe7UCQg==}
    engines: {node: '>=0.10.0'}
    dev: true

  /require-like@0.1.2:
    resolution: {integrity: sha512-oyrU88skkMtDdauHDuKVrgR+zuItqr6/c//FXzvmxRGMexSDc6hNvJInGW3LL46n+8b50RykrvwSUIIQH2LQ5A==}
    dev: true

  /rewrite-imports@1.4.0:
    resolution: {integrity: sha512-k4pGuRsZ6UMSLW4mxpKVxqvGAwXCC81ZnLD+o+S9/7b3+fZ/pguNLHZpZ7qgi/5AmtqzuzppInhaARBjjDquOA==}
    engines: {node: '>=4'}
    dev: true

  /rimraf@2.7.1:
    resolution: {integrity: sha512-uWjbaKIK3T1OSVptzX7Nl6PvQ3qAGtKEtVRjRuazjfL3Bx5eI409VZSqgND+4UNnmzLVdPj9FqFJNPqBZFve4w==}
    hasBin: true
    dependencies:
      glob: 7.2.3
    dev: true

  /taskr@1.1.0:
    resolution: {integrity: sha512-jELUxxTfAxR6ZRFV6S/8LRcNg/GnlhS/4x2WZjGDkfle9Bk+M/e8LutMy3GVeUcp1cJc8Oy/uuroqbDePLHunQ==}
    engines: {node: '>= 4.6'}
    hasBin: true
    dependencies:
      bluebird: 3.7.2
      clor: 5.2.0
      glob: 7.2.3
      mk-dirs: 1.0.0
      mri: 1.2.0
      tinydate: 1.3.0
    dev: true

  /tinydate@1.3.0:
    resolution: {integrity: sha512-7cR8rLy2QhYHpsBDBVYnnWXm8uRTr38RoZakFSW7Bs7PzfMPNZthuMLkwqZv7MTu8lhQ91cOFYS5a7iFj2oR3w==}
    engines: {node: '>=4'}
    dev: true

  /tslib@2.6.2:
    resolution: {integrity: sha512-AEYxH93jGFPn/a2iVAwW87VuUIkR1FVUKB77NwMF7nBTDkDrrT/Hpt/IrCJ0QXhW27jTBDcf5ZY7w6RiqTMw2Q==}
    dev: false

  /typescript@5.3.3:
    resolution: {integrity: sha512-pXWcraxM0uxAS+tN0AG/BF2TyqmHO014Z070UsJ+pFvYuRSq8KH8DmWpnbXe0pEPDHXZV3FcAbJkijJ5oNEnWw==}
    engines: {node: '>=14.17'}
    hasBin: true
    dev: true

  /undici-types@5.26.5:
    resolution: {integrity: sha512-JlCMO+ehdEIKqlFxk6IfVoAUVmgz7cU7zD/h9XZ0qzeosSHmUJVOzSQvvYSYWXkFXC+IfLKSIffhv0sVZup6pA==}
    dev: true

  /watchpack@2.4.0:
    resolution: {integrity: sha512-Lcvm7MGST/4fup+ifyKi2hjyIAwcdI4HRgtvTpIUxBRhB+RFtUh8XtDOxUfctVCnhVi+QQj49i91OyvzkJl6cg==}
    engines: {node: '>=10.13.0'}
    dependencies:
      glob-to-regexp: 0.4.1
      graceful-fs: 4.2.11
    dev: true

  /wrappy@1.0.2:
    resolution: {integrity: sha512-l4Sp/DRseor9wL6EvV2+TuQn63dMkPjZ/sp9XkghTEbV9KlPS1xUsZ3u7/IQO4wxtcFB4bgpQPRcR3QCvezPcQ==}
    dev: true
